github.com/aws/aws-lambda-go v1.2.0 h1:2f0pbAKMNNhvOkjI9BCrwoeIiduSTlYpD0iKEN1neuQ=
github.com/aws/aws-lambda-go v1.2.0/go.mod h1:zUsUQhAUjYzR8AuduJPCfhBuKWUaDbQiPOG+ouzmE1A=
github.com/aws/aws-sdk-go v1.14.1-0.20180604230528-399dd2df8c1b h1:wGj7FTzoT+oI1b25GFLZsr1mIHmO75YSrzNKIWpK3OY=
github.com/aws/aws-sdk-go v1.14.1-0.20180604230528-399dd2df8c1b/go.mod h1:ZRmQr0FajVIyZ4ZzBYKG5P3ZqPz9IHG41ZoMu1ADI3k=
github.com/disintegration/imaging v1.4.3-0.20180604182950-5e63c9a565d0 h1:XbRw6SVQ2D6HExKnRHGYi+eWfeB3fKe2krDrXwDl3yA=
github.com/disintegration/imaging v1.4.3-0.20180604182950-5e63c9a565d0/go.mod h1:9B/deIUIrliYkyMTuXJd6OUFLcrZ2tf+3Qlwnaf/CjU=
github.com/go-ini/ini v1.37.0 h1:/FpMfveJbc7ExTTDgT5nL9Vw+aZdst/c2dOxC931U+M=
github.com/go-ini/ini v1.37.0/go.mod h1:ByCAeIL28uOIIG0E3PJtZPDL8WnHpFKFOtgjp+3Ies8=
github.com/jmespath/go-jmespath v0.0.0-20180206201540-c2b33e8439af h1:pmfjZENx5imkbgOkpRUYLnmbU7UEFbjtDA2hxJ1ichM=
github.com/jmespath/go-jmespath v0.0.0-20180206201540-c2b33e8439af/go.mod h1:Nht3zPeWKUH0NzdCt2Blrr5ys8VGpn0CEB0cQHVjt7k=
github.com/sirupsen/logrus v1.0.6-0.20180523074243-ea8897e79973 h1:NCky7ek+AY4ejYfkJcLiJd+Yj9xdjfY7UEkA6rq+uV8=
github.com/sirupsen/logrus v1.0.6-0.20180523074243-ea8897e79973/go.mod h1:pMByvHTf9Beacp5x1UXfOR9xyW/9antXMhjMPG0dEzc=
golang.org/x/crypto v0.0.0-20180602220124-df8d4716b347 h1:+jjpoZyGXummmGKty7FoOcAE9yNHXYwr4nOv+07g6X4=
golang.org/x/crypto v0.0.0-20180602220124-df8d4716b347/go.mod h1:6SG95UA2DQfeDnfUPMdvaQW0Q7yPrPDi9nlGo2tz2b4=
golang.org/x/image v0.0.0-20180601115456-af66defab954 h1:n7UB+yxe5jyWxOA3BTAfwi23lhfKEIddaB/so7YOYe0=
golang.org/x/image v0.0.0-20180601115456-af66defab954/go.mod h1:ux5Hcp/YLpHSI86hEcLt0YII63i6oz57MZXIpbrjZUs=
golang.org/x/sys v0.0.0-20180525142821-c11f84a56e43 h1:PvnWIWTbA7gsEBkKjt0HV9hckYfcqYv8s/ju7ArZ0do=
golang.org/x/sys v0.0.0-20180525142821-c11f84a56e43/go.mod h1:STP8DvDyc/dI5b8T5hshtkjS+E42TnysNCUPdjciGhY=
